
Microsoft Visual Studio Solution File, Format Version 12.00
# Visual Studio Version 16
VisualStudioVersion = 16.0.31321.278
MinimumVisualStudioVersion = 10.0.40219.1
Project("{FAE04EC0-301F-11D3-BF4B-00C04F79EFBC}") = "UI", "UI\UI.csproj", "{608ED53D-01B3-476D-BCC4-4CD3B9D1FECA}"
EndProject
Project("{FAE04EC0-301F-11D3-BF4B-00C04F79EFBC}") = "Models", "Models\Models.csproj", "{094CB147-F1E3-44BD-8DA0-9D8A57D24039}"
EndProject
Global
	GlobalSection(SolutionConfigurationPlatforms) = preSolution
		Debug|Any CPU = Debug|Any CPU
		Release|Any CPU = Release|Any CPU
	EndGlobalSection
	GlobalSection(ProjectConfigurationPlatforms) = postSolution
		{608ED53D-01B3-476D-BCC4-4CD3B9D1FECA}.Debug|Any CPU.ActiveCfg = Debug|Any CPU
		{608ED53D-01B3-476D-BCC4-4CD3B9D1FECA}.Debug|Any CPU.Build.0 = Debug|Any CPU
		{608ED53D-01B3-476D-BCC4-4CD3B9D1FECA}.Release|Any CPU.ActiveCfg = Release|Any CPU
		{608ED53D-01B3-476D-BCC4-4CD3B9D1FECA}.Release|Any CPU.Build.0 = Release|Any CPU
		{094CB147-F1E3-44BD-8DA0-9D8A57D24039}.Debug|Any CPU.ActiveCfg = Debug|Any CPU
		{094CB147-F1E3-44BD-8DA0-9D8A57D24039}.Debug|Any CPU.Build.0 = Debug|Any CPU
		{094CB147-F1E3-44BD-8DA0-9D8A57D24039}.Release|Any CPU.ActiveCfg = Release|Any CPU
		{094CB147-F1E3-44BD-8DA0-9D8A57D24039}.Release|Any CPU.Build.0 = Release|Any CPU
	EndGlobalSection
	GlobalSection(SolutionProperties) = preSolution
		HideSolutionNode = FALSE
	EndGlobalSection
	GlobalSection(ExtensibilityGlobals) = postSolution
		SolutionGuid = {1589AD5E-8E5F-4531-8D96-A872633F5133}
	EndGlobalSection
EndGlobal
